
Microsoft Visual Studio Solution File, Format Version 12.00
# Visual Studio Version 17
VisualStudioVersion = 17.5.33627.172
MinimumVisualStudioVersion = 10.0.40219.1
Project("{2150E333-8FDC-42A3-9474-1A3956D46DE8}") = "Contact", "Contact", "{E3216B6B-17CD-4556-B274-BE11C105DB3B}"
EndProject
Project("{FAE04EC0-301F-11D3-BF4B-00C04F79EFBC}") = "Contact", "Contact\Contact\Contact.csproj", "{61521C63-232D-4DA6-B88D-94838F94B860}"
EndProject
Project("{2150E333-8FDC-42A3-9474-1A3956D46DE8}") = "Notes", "Notes", "{6BA9EB29-7151-43DF-9BC4-1A25CCE740E3}"
	ProjectSection(SolutionItems) = preProject
		ports = ports
	EndProjectSection
EndProject
Global
	GlobalSection(SolutionConfigurationPlatforms) = preSolution
		Debug|Any CPU = Debug|Any CPU
		Release|Any CPU = Release|Any CPU
	EndGlobalSection
	GlobalSection(ProjectConfigurationPlatforms) = postSolution
		{61521C63-232D-4DA6-B88D-94838F94B860}.Debug|Any CPU.ActiveCfg = Debug|Any CPU
		{61521C63-232D-4DA6-B88D-94838F94B860}.Debug|Any CPU.Build.0 = Debug|Any CPU
		{61521C63-232D-4DA6-B88D-94838F94B860}.Release|Any CPU.ActiveCfg = Release|Any CPU
		{61521C63-232D-4DA6-B88D-94838F94B860}.Release|Any CPU.Build.0 = Release|Any CPU
	EndGlobalSection
	GlobalSection(SolutionProperties) = preSolution
		HideSolutionNode = FALSE
	EndGlobalSection
	GlobalSection(NestedProjects) = preSolution
		{61521C63-232D-4DA6-B88D-94838F94B860} = {E3216B6B-17CD-4556-B274-BE11C105DB3B}
	EndGlobalSection
	GlobalSection(ExtensibilityGlobals) = postSolution
		SolutionGuid = {52C367FB-5B2B-4C03-9CA2-1F96ABD080AB}
	EndGlobalSection
EndGlobal
